
Microsoft Visual Studio Solution File, Format Version 12.00
# Visual Studio Version 17
VisualStudioVersion = 17.6.33829.357
MinimumVisualStudioVersion = 10.0.40219.1
Project("{9A19103F-16F7-4668-BE54-9A1E7A4F7556}") = "ApiElevadorGramado", "ApiElevadorGramado.csproj", "{1F039AC7-994A-4291-B3C7-5C6B1EA4D9FC}"
EndProject
Global
	GlobalSection(SolutionConfigurationPlatforms) = preSolution
		Debug|Any CPU = Debug|Any CPU
		Release|Any CPU = Release|Any CPU
	EndGlobalSection
	GlobalSection(ProjectConfigurationPlatforms) = postSolution
		{1F039AC7-994A-4291-B3C7-5C6B1EA4D9FC}.Debug|Any CPU.ActiveCfg = Debug|Any CPU
		{1F039AC7-994A-4291-B3C7-5C6B1EA4D9FC}.Debug|Any CPU.Build.0 = Debug|Any CPU
		{1F039AC7-994A-4291-B3C7-5C6B1EA4D9FC}.Release|Any CPU.ActiveCfg = Release|Any CPU
		{1F039AC7-994A-4291-B3C7-5C6B1EA4D9FC}.Release|Any CPU.Build.0 = Release|Any CPU
	EndGlobalSection
	GlobalSection(SolutionProperties) = preSolution
		HideSolutionNode = FALSE
	EndGlobalSection
	GlobalSection(ExtensibilityGlobals) = postSolution
		SolutionGuid = {F8DF7D7B-E8D4-4B7C-840F-B87F14055B1C}
	EndGlobalSection
EndGlobal
